# This file is automatically @generated by Poetry 1.8.4 and should not be changed by hand.

[[package]]
name = "exifread"
version = "3.0.0"
description = "Read Exif metadata from tiff and jpeg files."
optional = false
python-versions = "*"
files = [
    {file = "ExifRead-3.0.0-py3-none-any.whl", hash = "sha256:2c5c59ef03b3bbee75b82b82d2498006b3c13509f35c9a76c7552faff73fa2d5"},
    {file = "ExifRead-3.0.0.tar.gz", hash = "sha256:0ac5a364169dbdf2bd62f94f5c073970ab6694a3166177f5e448b10c943e2ca4"},
]

[package.extras]
dev = ["mypy (==0.950)", "pylint (==2.13.8)"]

[metadata]
lock-version = "2.0"
python-versions = "^3.13"
content-hash = "ae2f741e6dff130a753ea2eda8df779320c059f19dfe9ea26148900059142c48"
